
Microsoft Visual Studio Solution File, Format Version 12.00
# Visual Studio Version 16
VisualStudioVersion = 16.0.30517.126
MinimumVisualStudioVersion = 10.0.40219.1
Project("{FAE04EC0-301F-11D3-BF4B-00C04F79EFBC}") = "CodingEvents", "CodingEvents\CodingEvents.csproj", "{BAC445D8-7FBA-46D7-8DD8-0A80B250810D}"
EndProject
Global
	GlobalSection(SolutionConfigurationPlatforms) = preSolution
		Debug|Any CPU = Debug|Any CPU
		Release|Any CPU = Release|Any CPU
	EndGlobalSection
	GlobalSection(ProjectConfigurationPlatforms) = postSolution
		{BAC445D8-7FBA-46D7-8DD8-0A80B250810D}.Debug|Any CPU.ActiveCfg = Debug|Any CPU
		{BAC445D8-7FBA-46D7-8DD8-0A80B250810D}.Debug|Any CPU.Build.0 = Debug|Any CPU
		{BAC445D8-7FBA-46D7-8DD8-0A80B250810D}.Release|Any CPU.ActiveCfg = Release|Any CPU
		{BAC445D8-7FBA-46D7-8DD8-0A80B250810D}.Release|Any CPU.Build.0 = Release|Any CPU
	EndGlobalSection
	GlobalSection(SolutionProperties) = preSolution
		HideSolutionNode = FALSE
	EndGlobalSection
	GlobalSection(ExtensibilityGlobals) = postSolution
		SolutionGuid = {09029A8F-5598-489D-B8F4-A3E8CE6C1C36}
	EndGlobalSection
EndGlobal
